
Microsoft Visual Studio Solution File, Format Version 12.00
# Visual Studio Version 17
VisualStudioVersion = 17.3.32901.215
MinimumVisualStudioVersion = 10.0.40219.1
Project("{2150E333-8FDC-42A3-9474-1A3956D46DE8}") = "Services", "Services", "{A5850301-9FF8-4DC1-B5FC-28E8D103A509}"
EndProject
Project("{2150E333-8FDC-42A3-9474-1A3956D46DE8}") = "Catalog", "Catalog", "{4CB1D6CA-1635-4EF2-B44F-0EF853F72A23}"
EndProject
Project("{9A19103F-16F7-4668-BE54-9A1E7A4F7556}") = "Catalog.API", "Services\Catalog\Catalog.API\Catalog.API.csproj", "{477C4D7A-10E3-4498-A5EC-C9B57F160448}"
EndProject
Project("{E53339B2-1760-4266-BCC7-CA923CBCF16C}") = "docker-compose", "docker-compose.dcproj", "{FEA4D2CE-D7A9-404C-8BF4-308EA7CAE668}"
EndProject
Project("{2150E333-8FDC-42A3-9474-1A3956D46DE8}") = "Basket", "Basket", "{F9E5E07F-1603-4DB4-A113-589E2AAC3087}"
EndProject
Project("{9A19103F-16F7-4668-BE54-9A1E7A4F7556}") = "Basket.API", "Services\Basket\Basket.API\Basket.API.csproj", "{02A15E85-7648-465E-A660-CCA72D3CC154}"
EndProject
Project("{2150E333-8FDC-42A3-9474-1A3956D46DE8}") = "Discount", "Discount", "{F5130055-93B4-4520-BDF7-E28EC9B594F3}"
EndProject
Project("{9A19103F-16F7-4668-BE54-9A1E7A4F7556}") = "Discount.API", "Services\Discount\Discount.API\Discount.API.csproj", "{96A3FCC9-1043-4609-B2B7-26B05B05E579}"
EndProject
Project("{9A19103F-16F7-4668-BE54-9A1E7A4F7556}") = "Discount.Grpc", "Services\Discount\Discount.Grpc\Discount.Grpc.csproj", "{DC4887F5-3867-4F0D-B21D-1E1154207244}"
EndProject
Project("{2150E333-8FDC-42A3-9474-1A3956D46DE8}") = "Ordering", "Ordering", "{98CB6669-E403-4FB0-86A2-6FC36CFE3EC7}"
EndProject
Project("{FAE04EC0-301F-11D3-BF4B-00C04F79EFBC}") = "Ordering.API", "Services\Ordering\Ordering.API\Ordering.API.csproj", "{2B4E350A-6848-48BC-8D57-F60E6393939A}"
EndProject
Project("{FAE04EC0-301F-11D3-BF4B-00C04F79EFBC}") = "Ordering.Domain", "Services\Ordering\Ordering.Domain\Ordering.Domain.csproj", "{609F6C0A-595E-417D-A71C-D000B9DF285E}"
EndProject
Project("{FAE04EC0-301F-11D3-BF4B-00C04F79EFBC}") = "Ordering.Application", "Services\Ordering\Ordering.Application\Ordering.Application.csproj", "{2ACDC308-DBC7-46A1-8B1D-CC09C5C43B32}"
EndProject
Project("{9A19103F-16F7-4668-BE54-9A1E7A4F7556}") = "Ordering.Infrastructure", "Services\Ordering\Ordering.Infrastructure\Ordering.Infrastructure.csproj", "{347F65D7-C602-431E-B4A7-8B1018FDAA12}"
EndProject
Global
	GlobalSection(SolutionConfigurationPlatforms) = preSolution
		Debug|Any CPU = Debug|Any CPU
		Release|Any CPU = Release|Any CPU
	EndGlobalSection
	GlobalSection(ProjectConfigurationPlatforms) = postSolution
		{477C4D7A-10E3-4498-A5EC-C9B57F160448}.Debug|Any CPU.ActiveCfg = Debug|Any CPU
		{477C4D7A-10E3-4498-A5EC-C9B57F160448}.Debug|Any CPU.Build.0 = Debug|Any CPU
		{477C4D7A-10E3-4498-A5EC-C9B57F160448}.Release|Any CPU.ActiveCfg = Release|Any CPU
		{477C4D7A-10E3-4498-A5EC-C9B57F160448}.Release|Any CPU.Build.0 = Release|Any CPU
		{FEA4D2CE-D7A9-404C-8BF4-308EA7CAE668}.Debug|Any CPU.ActiveCfg = Debug|Any CPU
		{FEA4D2CE-D7A9-404C-8BF4-308EA7CAE668}.Debug|Any CPU.Build.0 = Debug|Any CPU
		{FEA4D2CE-D7A9-404C-8BF4-308EA7CAE668}.Release|Any CPU.ActiveCfg = Release|Any CPU
		{FEA4D2CE-D7A9-404C-8BF4-308EA7CAE668}.Release|Any CPU.Build.0 = Release|Any CPU
		{02A15E85-7648-465E-A660-CCA72D3CC154}.Debug|Any CPU.ActiveCfg = Debug|Any CPU
		{02A15E85-7648-465E-A660-CCA72D3CC154}.Debug|Any CPU.Build.0 = Debug|Any CPU
		{02A15E85-7648-465E-A660-CCA72D3CC154}.Release|Any CPU.ActiveCfg = Release|Any CPU
		{02A15E85-7648-465E-A660-CCA72D3CC154}.Release|Any CPU.Build.0 = Release|Any CPU
		{96A3FCC9-1043-4609-B2B7-26B05B05E579}.Debug|Any CPU.ActiveCfg = Debug|Any CPU
		{96A3FCC9-1043-4609-B2B7-26B05B05E579}.Debug|Any CPU.Build.0 = Debug|Any CPU
		{96A3FCC9-1043-4609-B2B7-26B05B05E579}.Release|Any CPU.ActiveCfg = Release|Any CPU
		{96A3FCC9-1043-4609-B2B7-26B05B05E579}.Release|Any CPU.Build.0 = Release|Any CPU
		{DC4887F5-3867-4F0D-B21D-1E1154207244}.Debug|Any CPU.ActiveCfg = Debug|Any CPU
		{DC4887F5-3867-4F0D-B21D-1E1154207244}.Debug|Any CPU.Build.0 = Debug|Any CPU
		{DC4887F5-3867-4F0D-B21D-1E1154207244}.Release|Any CPU.ActiveCfg = Release|Any CPU
		{DC4887F5-3867-4F0D-B21D-1E1154207244}.Release|Any CPU.Build.0 = Release|Any CPU
		{2B4E350A-6848-48BC-8D57-F60E6393939A}.Debug|Any CPU.ActiveCfg = Debug|Any CPU
		{2B4E350A-6848-48BC-8D57-F60E6393939A}.Debug|Any CPU.Build.0 = Debug|Any CPU
		{2B4E350A-6848-48BC-8D57-F60E6393939A}.Release|Any CPU.ActiveCfg = Release|Any CPU
		{2B4E350A-6848-48BC-8D57-F60E6393939A}.Release|Any CPU.Build.0 = Release|Any CPU
		{609F6C0A-595E-417D-A71C-D000B9DF285E}.Debug|Any CPU.ActiveCfg = Debug|Any CPU
		{609F6C0A-595E-417D-A71C-D000B9DF285E}.Debug|Any CPU.Build.0 = Debug|Any CPU
		{609F6C0A-595E-417D-A71C-D000B9DF285E}.Release|Any CPU.ActiveCfg = Release|Any CPU
		{609F6C0A-595E-417D-A71C-D000B9DF285E}.Release|Any CPU.Build.0 = Release|Any CPU
		{2ACDC308-DBC7-46A1-8B1D-CC09C5C43B32}.Debug|Any CPU.ActiveCfg = Debug|Any CPU
		{2ACDC308-DBC7-46A1-8B1D-CC09C5C43B32}.Debug|Any CPU.Build.0 = Debug|Any CPU
		{2ACDC308-DBC7-46A1-8B1D-CC09C5C43B32}.Release|Any CPU.ActiveCfg = Release|Any CPU
		{2ACDC308-DBC7-46A1-8B1D-CC09C5C43B32}.Release|Any CPU.Build.0 = Release|Any CPU
		{347F65D7-C602-431E-B4A7-8B1018FDAA12}.Debug|Any CPU.ActiveCfg = Debug|Any CPU
		{347F65D7-C602-431E-B4A7-8B1018FDAA12}.Debug|Any CPU.Build.0 = Debug|Any CPU
		{347F65D7-C602-431E-B4A7-8B1018FDAA12}.Release|Any CPU.ActiveCfg = Release|Any CPU
		{347F65D7-C602-431E-B4A7-8B1018FDAA12}.Release|Any CPU.Build.0 = Release|Any CPU
	EndGlobalSection
	GlobalSection(SolutionProperties) = preSolution
		HideSolutionNode = FALSE
	EndGlobalSection
	GlobalSection(NestedProjects) = preSolution
		{4CB1D6CA-1635-4EF2-B44F-0EF853F72A23} = {A5850301-9FF8-4DC1-B5FC-28E8D103A509}
		{477C4D7A-10E3-4498-A5EC-C9B57F160448} = {4CB1D6CA-1635-4EF2-B44F-0EF853F72A23}
		{F9E5E07F-1603-4DB4-A113-589E2AAC3087} = {A5850301-9FF8-4DC1-B5FC-28E8D103A509}
		{02A15E85-7648-465E-A660-CCA72D3CC154} = {F9E5E07F-1603-4DB4-A113-589E2AAC3087}
		{F5130055-93B4-4520-BDF7-E28EC9B594F3} = {A5850301-9FF8-4DC1-B5FC-28E8D103A509}
		{96A3FCC9-1043-4609-B2B7-26B05B05E579} = {F5130055-93B4-4520-BDF7-E28EC9B594F3}
		{DC4887F5-3867-4F0D-B21D-1E1154207244} = {F5130055-93B4-4520-BDF7-E28EC9B594F3}
		{98CB6669-E403-4FB0-86A2-6FC36CFE3EC7} = {A5850301-9FF8-4DC1-B5FC-28E8D103A509}
		{2B4E350A-6848-48BC-8D57-F60E6393939A} = {98CB6669-E403-4FB0-86A2-6FC36CFE3EC7}
		{609F6C0A-595E-417D-A71C-D000B9DF285E} = {98CB6669-E403-4FB0-86A2-6FC36CFE3EC7}
		{2ACDC308-DBC7-46A1-8B1D-CC09C5C43B32} = {98CB6669-E403-4FB0-86A2-6FC36CFE3EC7}
		{347F65D7-C602-431E-B4A7-8B1018FDAA12} = {98CB6669-E403-4FB0-86A2-6FC36CFE3EC7}
	EndGlobalSection
	GlobalSection(ExtensibilityGlobals) = postSolution
		SolutionGuid = {8BEB1F0C-117C-416A-AEA1-7F932AA13615}
	EndGlobalSection
EndGlobal
